
Microsoft Visual Studio Solution File, Format Version 12.00
# Visual Studio Version 17
VisualStudioVersion = 17.2.32630.192
MinimumVisualStudioVersion = 10.0.40219.1
Project("{FAE04EC0-301F-11D3-BF4B-00C04F79EFBC}") = "Bubble", "Bubble\Bubble.csproj", "{A7930A7A-2568-4D5D-ADF8-C19E448AEB85}"
EndProject
Global
	GlobalSection(SolutionConfigurationPlatforms) = preSolution
		Debug|Any CPU = Debug|Any CPU
		Release|Any CPU = Release|Any CPU
	EndGlobalSection
	GlobalSection(ProjectConfigurationPlatforms) = postSolution
		{A7930A7A-2568-4D5D-ADF8-C19E448AEB85}.Debug|Any CPU.ActiveCfg = Debug|Any CPU
		{A7930A7A-2568-4D5D-ADF8-C19E448AEB85}.Debug|Any CPU.Build.0 = Debug|Any CPU
		{A7930A7A-2568-4D5D-ADF8-C19E448AEB85}.Release|Any CPU.ActiveCfg = Release|Any CPU
		{A7930A7A-2568-4D5D-ADF8-C19E448AEB85}.Release|Any CPU.Build.0 = Release|Any CPU
	EndGlobalSection
	GlobalSection(SolutionProperties) = preSolution
		HideSolutionNode = FALSE
	EndGlobalSection
	GlobalSection(ExtensibilityGlobals) = postSolution
		SolutionGuid = {66A0DE5E-7A7C-4384-9D5D-E3B48D7D4411}
	EndGlobalSection
EndGlobal
